<Solution>
  <Folder Name="/src/">
    <Project Path="src/Portfolio.Domain/Portfolio.Domain.csproj" />
    <Project Path="src/Portfolio.Persistance/Portfolio.Persistance.csproj" />
    <Project Path="src/Portfolio.Presentation/Portfolio.Presentation.csproj" />
    <Project Path="src/Portfolio.Services.Abstraction/Portfolio.Services.Abstraction.csproj" />
    <Project Path="src/Portfolio.Services/Portfolio.Services.csproj" />
    <Project Path="src/Portfolio.Shared/Portfolio.Shared.csproj" />
    <Project Path="src/Portfolio.Web/Portfolio.Web.csproj" />
  </Folder>
</Solution>
